
Microsoft Visual Studio Solution File, Format Version 12.00
# Visual Studio Version 17
VisualStudioVersion = 17.3.32825.248
MinimumVisualStudioVersion = 10.0.40219.1
Project("{FAE04EC0-301F-11D3-BF4B-00C04F79EFBC}") = "Ejercicio 2", "Ejercicio 2\Ejercicio 2.csproj", "{0BE5A2DB-22FD-422E-94D2-9599C9FDD4ED}"
EndProject
Global
	GlobalSection(SolutionConfigurationPlatforms) = preSolution
		Debug|Any CPU = Debug|Any CPU
		Release|Any CPU = Release|Any CPU
	EndGlobalSection
	GlobalSection(ProjectConfigurationPlatforms) = postSolution
		{0BE5A2DB-22FD-422E-94D2-9599C9FDD4ED}.Debug|Any CPU.ActiveCfg = Debug|Any CPU
		{0BE5A2DB-22FD-422E-94D2-9599C9FDD4ED}.Debug|Any CPU.Build.0 = Debug|Any CPU
		{0BE5A2DB-22FD-422E-94D2-9599C9FDD4ED}.Release|Any CPU.ActiveCfg = Release|Any CPU
		{0BE5A2DB-22FD-422E-94D2-9599C9FDD4ED}.Release|Any CPU.Build.0 = Release|Any CPU
	EndGlobalSection
	GlobalSection(SolutionProperties) = preSolution
		HideSolutionNode = FALSE
	EndGlobalSection
	GlobalSection(ExtensibilityGlobals) = postSolution
		SolutionGuid = {476C7E18-ABAA-477E-8970-2D68DCAB464A}
	EndGlobalSection
EndGlobal
